
Microsoft Visual Studio Solution File, Format Version 12.00
# Visual Studio Version 16
VisualStudioVersion = 16.0.28729.10
MinimumVisualStudioVersion = 10.0.40219.1
Project("{FAE04EC0-301F-11D3-BF4B-00C04F79EFBC}") = "Demo3", "Demo3\Demo3.csproj", "{5903618A-2AE0-467B-A262-4D988EE6952A}"
EndProject
Global
	GlobalSection(SolutionConfigurationPlatforms) = preSolution
		Debug|Any CPU = Debug|Any CPU
		Release|Any CPU = Release|Any CPU
	EndGlobalSection
	GlobalSection(ProjectConfigurationPlatforms) = postSolution
		{5903618A-2AE0-467B-A262-4D988EE6952A}.Debug|Any CPU.ActiveCfg = Debug|Any CPU
		{5903618A-2AE0-467B-A262-4D988EE6952A}.Debug|Any CPU.Build.0 = Debug|Any CPU
		{5903618A-2AE0-467B-A262-4D988EE6952A}.Release|Any CPU.ActiveCfg = Release|Any CPU
		{5903618A-2AE0-467B-A262-4D988EE6952A}.Release|Any CPU.Build.0 = Release|Any CPU
	EndGlobalSection
	GlobalSection(SolutionProperties) = preSolution
		HideSolutionNode = FALSE
	EndGlobalSection
	GlobalSection(ExtensibilityGlobals) = postSolution
		SolutionGuid = {B604A008-F6FF-4728-8786-0281A6A4AA89}
	EndGlobalSection
EndGlobal
