
Microsoft Visual Studio Solution File, Format Version 12.00
# Visual Studio Version 16
VisualStudioVersion = 16.0.28729.10
MinimumVisualStudioVersion = 10.0.40219.1
Project("{FAE04EC0-301F-11D3-BF4B-00C04F79EFBC}") = "Demo4", "Demo4\Demo4.csproj", "{DC29381C-E7E0-41B1-9EA2-2513B980501B}"
EndProject
Global
	GlobalSection(SolutionConfigurationPlatforms) = preSolution
		Debug|Any CPU = Debug|Any CPU
		Release|Any CPU = Release|Any CPU
	EndGlobalSection
	GlobalSection(ProjectConfigurationPlatforms) = postSolution
		{DC29381C-E7E0-41B1-9EA2-2513B980501B}.Debug|Any CPU.ActiveCfg = Debug|Any CPU
		{DC29381C-E7E0-41B1-9EA2-2513B980501B}.Debug|Any CPU.Build.0 = Debug|Any CPU
		{DC29381C-E7E0-41B1-9EA2-2513B980501B}.Release|Any CPU.ActiveCfg = Release|Any CPU
		{DC29381C-E7E0-41B1-9EA2-2513B980501B}.Release|Any CPU.Build.0 = Release|Any CPU
	EndGlobalSection
	GlobalSection(SolutionProperties) = preSolution
		HideSolutionNode = FALSE
	EndGlobalSection
	GlobalSection(ExtensibilityGlobals) = postSolution
		SolutionGuid = {F3CD8C89-3A22-4CC1-B421-7E83FD315F87}
	EndGlobalSection
EndGlobal
